# Generated by pub
# See https://dart.dev/tools/pub/glossary#lockfile
packages:
  async:
    dependency: transitive
    description:
      name: async
      sha256: "758e6d74e971c3e5aceb4110bfd6698efc7f501675bcfe0c775459a8140750eb"
      url: "https://pub.dev"
    source: hosted
    version: "2.13.0"
  bitsdojo_window:
    dependency: "direct main"
    description:
      name: bitsdojo_window
      sha256: "88ef7765dafe52d97d7a3684960fb5d003e3151e662c18645c1641c22b873195"
      url: "https://pub.dev"
    source: hosted
    version: "0.1.6"
  bitsdojo_window_linux:
    dependency: transitive
    description:
      name: bitsdojo_window_linux
      sha256: "9519c0614f98be733e0b1b7cb15b827007886f6fe36a4fb62cf3d35b9dd578ab"
      url: "https://pub.dev"
    source: hosted
    version: "0.1.4"
  bitsdojo_window_macos:
    dependency: transitive
    description:
      name: bitsdojo_window_macos
      sha256: f7c5be82e74568c68c5b8449e2c5d8fd12ec195ecd70745a7b9c0f802bb0268f
      url: "https://pub.dev"
    source: hosted
    version: "0.1.4"
  bitsdojo_window_platform_interface:
    dependency: transitive
    description:
      name: bitsdojo_window_platform_interface
      sha256: "65daa015a0c6dba749bdd35a0f092e7a8ba8b0766aa0480eb3ef808086f6e27c"
      url: "https://pub.dev"
    source: hosted
    version: "0.1.2"
  bitsdojo_window_windows:
    dependency: transitive
    description:
      name: bitsdojo_window_windows
      sha256: fa982cf61ede53f483e50b257344a1c250af231a3cdc93a7064dd6dc0d720b68
      url: "https://pub.dev"
    source: hosted
    version: "0.1.6"
  bloc:
    dependency: transitive
    description:
      name: bloc
      sha256: a48653a82055a900b88cd35f92429f068c5a8057ae9b136d197b3d56c57efb81
      url: "https://pub.dev"
    source: hosted
    version: "9.2.0"
  characters:
    dependency: transitive
    description:
      name: characters
      sha256: f71061c654a3380576a52b451dd5532377954cf9dbd272a78fc8479606670803
      url: "https://pub.dev"
    source: hosted
    version: "1.4.0"
  clock:
    dependency: transitive
    description:
      name: clock
      sha256: fddb70d9b5277016c77a80201021d40a2247104d9f4aa7bab7157b7e3f05b84b
      url: "https://pub.dev"
    source: hosted
    version: "1.1.2"
  collection:
    dependency: transitive
    description:
      name: collection
      sha256: "2f5709ae4d3d59dd8f7cd309b4e023046b57d8a6c82130785d2b0e5868084e76"
      url: "https://pub.dev"
    source: hosted
    version: "1.19.1"
  crypto:
    dependency: transitive
    description:
      name: crypto
      sha256: c8ea0233063ba03258fbcf2ca4d6dadfefe14f02fab57702265467a19f27fadf
      url: "https://pub.dev"
    source: hosted
    version: "3.0.7"
  equatable:
    dependency: "direct main"
    description:
      name: equatable
      sha256: "3e0141505477fd8ad55d6eb4e7776d3fe8430be8e497ccb1521370c3f21a3e2b"
      url: "https://pub.dev"
    source: hosted
    version: "2.0.8"
  ffi:
    dependency: transitive
    description:
      name: ffi
      sha256: "289279317b4b16eb2bb7e271abccd4bf84ec9bdcbe999e278a94b804f5630418"
      url: "https://pub.dev"
    source: hosted
    version: "2.1.4"
  file:
    dependency: transitive
    description:
      name: file
      sha256: "1b92bec4fc2a72f59a8e15af5f52cd441e4a7860b49499d69dfa817af20e925d"
      url: "https://pub.dev"
    source: hosted
    version: "6.1.4"
  fluent_ui:
    dependency: "direct main"
    description:
      name: fluent_ui
      sha256: "64223237a1d873b426d578d4d8b2703b8f7d9731608a5beb7b9745194568d484"
      url: "https://pub.dev"
    source: hosted
    version: "4.13.0"
  flutter:
    dependency: "direct main"
    description: flutter
    source: sdk
    version: "0.0.0"
  flutter_bloc:
    dependency: "direct main"
    description:
      name: flutter_bloc
      sha256: cf51747952201a455a1c840f8171d273be009b932c75093020f9af64f2123e38
      url: "https://pub.dev"
    source: hosted
    version: "9.1.1"
  flutter_lints:
    dependency: "direct dev"
    description:
      name: flutter_lints
      sha256: "3105dc8492f6183fb076ccf1f351ac3d60564bff92e20bfc4af9cc1651f4e7e1"
      url: "https://pub.dev"
    source: hosted
    version: "6.0.0"
  flutter_localizations:
    dependency: transitive
    description: flutter
    source: sdk
    version: "0.0.0"
  flutter_web_plugins:
    dependency: transitive
    description: flutter
    source: sdk
    version: "0.0.0"
  hive_ce:
    dependency: "direct main"
    description:
      name: hive_ce
      sha256: "412c638aeac0f003bba664884e3048b9547e541aaca13f10cc639da788184bed"
      url: "https://pub.dev"
    source: hosted
    version: "2.16.0"
  intl:
    dependency: transitive
    description:
      name: intl
      sha256: "3df61194eb431efc39c4ceba583b95633a403f46c9fd341e550ce0bfa50e9aa5"
      url: "https://pub.dev"
    source: hosted
    version: "0.20.2"
  isolate_channel:
    dependency: transitive
    description:
      name: isolate_channel
      sha256: f3d36f783b301e6b312c3450eeb2656b0e7d1db81331af2a151d9083a3f6b18d
      url: "https://pub.dev"
    source: hosted
    version: "0.2.2+1"
  json_annotation:
    dependency: transitive
    description:
      name: json_annotation
      sha256: "1ce844379ca14835a50d2f019a3099f419082cfdd231cd86a142af94dd5c6bb1"
      url: "https://pub.dev"
    source: hosted
    version: "4.9.0"
  lints:
    dependency: transitive
    description:
      name: lints
      sha256: a5e2b223cb7c9c8efdc663ef484fdd95bb243bff242ef5b13e26883547fce9a0
      url: "https://pub.dev"
    source: hosted
    version: "6.0.0"
  logging:
    dependency: "direct main"
    description:
      name: logging
      sha256: c8245ada5f1717ed44271ed1c26b8ce85ca3228fd2ffdb75468ab01979309d61
      url: "https://pub.dev"
    source: hosted
    version: "1.3.0"
  material_color_utilities:
    dependency: transitive
    description:
      name: material_color_utilities
      sha256: f7142bb1154231d7ea5f96bc7bde4bda2a0945d2806bb11670e30b850d56bdec
      url: "https://pub.dev"
    source: hosted
    version: "0.11.1"
  math_expressions:
    dependency: transitive
    description:
      name: math_expressions
      sha256: "218dc65bed4726562bb31c53d8daa3cc824664b26fb72d77bc592757edf74ba0"
      url: "https://pub.dev"
    source: hosted
    version: "2.7.0"
  meta:
    dependency: transitive
    description:
      name: meta
      sha256: "23f08335362185a5ea2ad3a4e597f1375e78bce8a040df5c600c8d3552ef2394"
      url: "https://pub.dev"
    source: hosted
    version: "1.17.0"
  nested:
    dependency: transitive
    description:
      name: nested
      sha256: "03bac4c528c64c95c722ec99280375a6f2fc708eec17c7b3f07253b626cd2a20"
      url: "https://pub.dev"
    source: hosted
    version: "1.0.0"
  path:
    dependency: "direct main"
    description:
      name: path
      sha256: "75cca69d1490965be98c73ceaea117e8a04dd21217b37b292c9ddbec0d955bc5"
      url: "https://pub.dev"
    source: hosted
    version: "1.9.1"
  path_provider:
    dependency: "direct main"
    description:
      name: path_provider
      sha256: "50c5dd5b6e1aaf6fb3a78b33f6aa3afca52bf903a8a5298f53101fdaee55bbcd"
      url: "https://pub.dev"
    source: hosted
    version: "2.1.5"
  path_provider_android:
    dependency: transitive
    description:
      name: path_provider_android
      sha256: f2c65e21139ce2c3dad46922be8272bb5963516045659e71bb16e151c93b580e
      url: "https://pub.dev"
    source: hosted
    version: "2.2.22"
  path_provider_foundation:
    dependency: transitive
    description:
      name: path_provider_foundation
      sha256: "6d13aece7b3f5c5a9731eaf553ff9dcbc2eff41087fd2df587fd0fed9a3eb0c4"
      url: "https://pub.dev"
    source: hosted
    version: "2.5.1"
  path_provider_linux:
    dependency: transitive
    description:
      name: path_provider_linux
      sha256: f7a1fe3a634fe7734c8d3f2766ad746ae2a2884abe22e241a8b301bf5cac3279
      url: "https://pub.dev"
    source: hosted
    version: "2.2.1"
  path_provider_platform_interface:
    dependency: transitive
    description:
      name: path_provider_platform_interface
      sha256: "88f5779f72ba699763fa3a3b06aa4bf6de76c8e5de842cf6f29e2e06476c2334"
      url: "https://pub.dev"
    source: hosted
    version: "2.1.2"
  path_provider_windows:
    dependency: transitive
    description:
      name: path_provider_windows
      sha256: bd6f00dbd873bfb70d0761682da2b3a2c2fccc2b9e84c495821639601d81afe7
      url: "https://pub.dev"
    source: hosted
    version: "2.3.0"
  petitparser:
    dependency: transitive
    description:
      name: petitparser
      sha256: "07c8f0b1913bcde1ff0d26e57ace2f3012ccbf2b204e070290dad3bb22797646"
      url: "https://pub.dev"
    source: hosted
    version: "6.1.0"
  platform:
    dependency: transitive
    description:
      name: platform
      sha256: "5d6b1b0036a5f331ebc77c850ebc8506cbc1e9416c27e59b439f917a902a4984"
      url: "https://pub.dev"
    source: hosted
    version: "3.1.6"
  plugin_platform_interface:
    dependency: transitive
    description:
      name: plugin_platform_interface
      sha256: "4820fbfdb9478b1ebae27888254d445073732dae3d6ea81f0b7e06d5dedc3f02"
      url: "https://pub.dev"
    source: hosted
    version: "2.1.8"
  process:
    dependency: transitive
    description:
      name: process
      sha256: "53fd8db9cec1d37b0574e12f07520d582019cb6c44abf5479a01505099a34a09"
      url: "https://pub.dev"
    source: hosted
    version: "4.2.4"
  provider:
    dependency: transitive
    description:
      name: provider
      sha256: "4e82183fa20e5ca25703ead7e05de9e4cceed1fbd1eadc1ac3cb6f565a09f272"
      url: "https://pub.dev"
    source: hosted
    version: "6.1.5+1"
  recase:
    dependency: transitive
    description:
      name: recase
      sha256: e4eb4ec2dcdee52dcf99cb4ceabaffc631d7424ee55e56f280bc039737f89213
      url: "https://pub.dev"
    source: hosted
    version: "4.1.0"
  scroll_pos:
    dependency: transitive
    description:
      name: scroll_pos
      sha256: cebf602b2dd939de6832bb902ffefb574608d1b84f420b82b381a4007d3c1e1b
      url: "https://pub.dev"
    source: hosted
    version: "0.5.0"
  shell:
    dependency: "direct main"
    description:
      name: shell
      sha256: fd3b7b97e5e7f734138543d5815c6cb6cdd2a1645a0def8ac8e05577cddfbe03
      url: "https://pub.dev"
    source: hosted
    version: "2.0.0"
  sky_engine:
    dependency: transitive
    description: flutter
    source: sdk
    version: "0.0.0"
  system_theme:
    dependency: "direct main"
    description:
      name: system_theme
      sha256: "827cc5f94a6c3097a4c08d4f9eb11d345322f9deea5be1cb73611ff24bdf45bb"
      url: "https://pub.dev"
    source: hosted
    version: "3.2.0"
  system_theme_web:
    dependency: transitive
    description:
      name: system_theme_web
      sha256: a354b25ff0788ed802b48b632187d344a841b2034f16e4f6cdaa295e4a41a8aa
      url: "https://pub.dev"
    source: hosted
    version: "0.0.4"
  typed_data:
    dependency: transitive
    description:
      name: typed_data
      sha256: f9049c039ebfeb4cf7a7104a675823cd72dba8297f264b6637062516699fa006
      url: "https://pub.dev"
    source: hosted
    version: "1.4.0"
  vector_math:
    dependency: transitive
    description:
      name: vector_math
      sha256: d530bd74fea330e6e364cda7a85019c434070188383e1cd8d9777ee586914c5b
      url: "https://pub.dev"
    source: hosted
    version: "2.2.0"
  watcher:
    dependency: "direct main"
    description:
      name: watcher
      sha256: f52385d4f73589977c80797e60fe51014f7f2b957b5e9a62c3f6ada439889249
      url: "https://pub.dev"
    source: hosted
    version: "1.2.0"
  web:
    dependency: transitive
    description:
      name: web
      sha256: "868d88a33d8a87b18ffc05f9f030ba328ffefba92d6c127917a2ba740f9cfe4a"
      url: "https://pub.dev"
    source: hosted
    version: "1.1.1"
  win32:
    dependency: transitive
    description:
      name: win32
      sha256: d7cb55e04cd34096cd3a79b3330245f54cb96a370a1c27adb3c84b917de8b08e
      url: "https://pub.dev"
    source: hosted
    version: "5.15.0"
  xdg_directories:
    dependency: transitive
    description:
      name: xdg_directories
      sha256: "7a3f37b05d989967cdddcbb571f1ea834867ae2faa29725fd085180e0883aa15"
      url: "https://pub.dev"
    source: hosted
    version: "1.1.0"
sdks:
  dart: ">=3.10.4 <4.0.0"
  flutter: ">=3.35.0"
